
Microsoft Visual Studio Solution File, Format Version 12.00
# Visual Studio Version 17
VisualStudioVersion = 17.11.35222.181
MinimumVisualStudioVersion = 10.0.40219.1
Project("{8BC9CEB8-8B4A-11D0-8D11-00A0C91BC942}") = "recursion_13", "recursion_13.vcxproj", "{66764F56-4E35-47F5-AA48-04F046D9FB6A}"
EndProject
Global
	GlobalSection(SolutionConfigurationPlatforms) = preSolution
		Debug|x64 = Debug|x64
		Debug|x86 = Debug|x86
		Release|x64 = Release|x64
		Release|x86 = Release|x86
	EndGlobalSection
	GlobalSection(ProjectConfigurationPlatforms) = postSolution
		{66764F56-4E35-47F5-AA48-04F046D9FB6A}.Debug|x64.ActiveCfg = Debug|x64
		{66764F56-4E35-47F5-AA48-04F046D9FB6A}.Debug|x64.Build.0 = Debug|x64
		{66764F56-4E35-47F5-AA48-04F046D9FB6A}.Debug|x86.ActiveCfg = Debug|Win32
		{66764F56-4E35-47F5-AA48-04F046D9FB6A}.Debug|x86.Build.0 = Debug|Win32
		{66764F56-4E35-47F5-AA48-04F046D9FB6A}.Release|x64.ActiveCfg = Release|x64
		{66764F56-4E35-47F5-AA48-04F046D9FB6A}.Release|x64.Build.0 = Release|x64
		{66764F56-4E35-47F5-AA48-04F046D9FB6A}.Release|x86.ActiveCfg = Release|Win32
		{66764F56-4E35-47F5-AA48-04F046D9FB6A}.Release|x86.Build.0 = Release|Win32
	EndGlobalSection
	GlobalSection(SolutionProperties) = preSolution
		HideSolutionNode = FALSE
	EndGlobalSection
	GlobalSection(ExtensibilityGlobals) = postSolution
		SolutionGuid = {EDC80F45-D5C8-4055-A430-C353617A0AF0}
	EndGlobalSection
EndGlobal
