
Microsoft Visual Studio Solution File, Format Version 12.00
# Visual Studio Version 17
VisualStudioVersion = 17.11.35222.181
MinimumVisualStudioVersion = 10.0.40219.1
Project("{8BC9CEB8-8B4A-11D0-8D11-00A0C91BC942}") = "template class_27", "template class_27.vcxproj", "{FBA82336-55E9-4293-BC49-80A2D64A73EB}"
EndProject
Global
	GlobalSection(SolutionConfigurationPlatforms) = preSolution
		Debug|x64 = Debug|x64
		Debug|x86 = Debug|x86
		Release|x64 = Release|x64
		Release|x86 = Release|x86
	EndGlobalSection
	GlobalSection(ProjectConfigurationPlatforms) = postSolution
		{FBA82336-55E9-4293-BC49-80A2D64A73EB}.Debug|x64.ActiveCfg = Debug|x64
		{FBA82336-55E9-4293-BC49-80A2D64A73EB}.Debug|x64.Build.0 = Debug|x64
		{FBA82336-55E9-4293-BC49-80A2D64A73EB}.Debug|x86.ActiveCfg = Debug|Win32
		{FBA82336-55E9-4293-BC49-80A2D64A73EB}.Debug|x86.Build.0 = Debug|Win32
		{FBA82336-55E9-4293-BC49-80A2D64A73EB}.Release|x64.ActiveCfg = Release|x64
		{FBA82336-55E9-4293-BC49-80A2D64A73EB}.Release|x64.Build.0 = Release|x64
		{FBA82336-55E9-4293-BC49-80A2D64A73EB}.Release|x86.ActiveCfg = Release|Win32
		{FBA82336-55E9-4293-BC49-80A2D64A73EB}.Release|x86.Build.0 = Release|Win32
	EndGlobalSection
	GlobalSection(SolutionProperties) = preSolution
		HideSolutionNode = FALSE
	EndGlobalSection
	GlobalSection(ExtensibilityGlobals) = postSolution
		SolutionGuid = {6A0EE6A4-E027-4A54-AB84-96007EA8831F}
	EndGlobalSection
EndGlobal
