
Microsoft Visual Studio Solution File, Format Version 12.00
# Visual Studio Version 17
VisualStudioVersion = 17.11.35222.181
MinimumVisualStudioVersion = 10.0.40219.1
Project("{8BC9CEB8-8B4A-11D0-8D11-00A0C91BC942}") = "multi_dynamic_array_16", "multi_dynamic_array_16.vcxproj", "{B1870A89-E375-43AA-9D3E-D9DC3C0E9F1D}"
EndProject
Global
	GlobalSection(SolutionConfigurationPlatforms) = preSolution
		Debug|x64 = Debug|x64
		Debug|x86 = Debug|x86
		Release|x64 = Release|x64
		Release|x86 = Release|x86
	EndGlobalSection
	GlobalSection(ProjectConfigurationPlatforms) = postSolution
		{B1870A89-E375-43AA-9D3E-D9DC3C0E9F1D}.Debug|x64.ActiveCfg = Debug|x64
		{B1870A89-E375-43AA-9D3E-D9DC3C0E9F1D}.Debug|x64.Build.0 = Debug|x64
		{B1870A89-E375-43AA-9D3E-D9DC3C0E9F1D}.Debug|x86.ActiveCfg = Debug|Win32
		{B1870A89-E375-43AA-9D3E-D9DC3C0E9F1D}.Debug|x86.Build.0 = Debug|Win32
		{B1870A89-E375-43AA-9D3E-D9DC3C0E9F1D}.Release|x64.ActiveCfg = Release|x64
		{B1870A89-E375-43AA-9D3E-D9DC3C0E9F1D}.Release|x64.Build.0 = Release|x64
		{B1870A89-E375-43AA-9D3E-D9DC3C0E9F1D}.Release|x86.ActiveCfg = Release|Win32
		{B1870A89-E375-43AA-9D3E-D9DC3C0E9F1D}.Release|x86.Build.0 = Release|Win32
	EndGlobalSection
	GlobalSection(SolutionProperties) = preSolution
		HideSolutionNode = FALSE
	EndGlobalSection
	GlobalSection(ExtensibilityGlobals) = postSolution
		SolutionGuid = {B75E3F2D-646E-4266-A2D4-5E7A3F475621}
	EndGlobalSection
EndGlobal
