
Microsoft Visual Studio Solution File, Format Version 12.00
# Visual Studio Version 17
VisualStudioVersion = 17.11.35222.181
MinimumVisualStudioVersion = 10.0.40219.1
Project("{8BC9CEB8-8B4A-11D0-8D11-00A0C91BC942}") = "overload operators_24", "overload operators_24.vcxproj", "{8CE53BD8-0286-4AE1-B889-283CD845E680}"
EndProject
Global
	GlobalSection(SolutionConfigurationPlatforms) = preSolution
		Debug|x64 = Debug|x64
		Debug|x86 = Debug|x86
		Release|x64 = Release|x64
		Release|x86 = Release|x86
	EndGlobalSection
	GlobalSection(ProjectConfigurationPlatforms) = postSolution
		{8CE53BD8-0286-4AE1-B889-283CD845E680}.Debug|x64.ActiveCfg = Debug|x64
		{8CE53BD8-0286-4AE1-B889-283CD845E680}.Debug|x64.Build.0 = Debug|x64
		{8CE53BD8-0286-4AE1-B889-283CD845E680}.Debug|x86.ActiveCfg = Debug|Win32
		{8CE53BD8-0286-4AE1-B889-283CD845E680}.Debug|x86.Build.0 = Debug|Win32
		{8CE53BD8-0286-4AE1-B889-283CD845E680}.Release|x64.ActiveCfg = Release|x64
		{8CE53BD8-0286-4AE1-B889-283CD845E680}.Release|x64.Build.0 = Release|x64
		{8CE53BD8-0286-4AE1-B889-283CD845E680}.Release|x86.ActiveCfg = Release|Win32
		{8CE53BD8-0286-4AE1-B889-283CD845E680}.Release|x86.Build.0 = Release|Win32
	EndGlobalSection
	GlobalSection(SolutionProperties) = preSolution
		HideSolutionNode = FALSE
	EndGlobalSection
	GlobalSection(ExtensibilityGlobals) = postSolution
		SolutionGuid = {DD9ADCBA-6556-4920-8DCB-11512C7FE728}
	EndGlobalSection
EndGlobal
